// !$*UTF8*$!
{
	archiveVersion = 1;
	classes = {
	};
	objectVersion = 56;
	objects = {

/* Begin PBXBuildFile section */
		3B0E8BB52CA7057B00049583 /* RealmData.swift in Sources */ = {isa = PBXBuildFile; fileRef = 3B0E8BB42CA7057100049583 /* RealmData.swift */; };
		3B4D53CF2C5CD92400A3097D /* AppDelegate.swift in Sources */ = {isa = PBXBuildFile; fileRef = 3B4D53CE2C5CD92400A3097D /* AppDelegate.swift */; };
		3B4D53D12C5CD92400A3097D /* SceneDelegate.swift in Sources */ = {isa = PBXBuildFile; fileRef = 3B4D53D02C5CD92400A3097D /* SceneDelegate.swift */; };
		3B4D53D32C5CD92400A3097D /* MainViewController.swift in Sources */ = {isa = PBXBuildFile; fileRef = 3B4D53D22C5CD92400A3097D /* MainViewController.swift */; };
		3B4D53D62C5CD92400A3097D /* Base in Resources */ = {isa = PBXBuildFile; fileRef = 3B4D53D52C5CD92400A3097D /* Base */; };
		3B4D53D82C5CD92600A3097D /* Assets.xcassets in Resources */ = {isa = PBXBuildFile; fileRef = 3B4D53D72C5CD92600A3097D /* Assets.xcassets */; };
		3B4D53DB2C5CD92600A3097D /* Base in Resources */ = {isa = PBXBuildFile; fileRef = 3B4D53DA2C5CD92600A3097D /* Base */; };
		3B4FFE9C2C62820300134466 /* ChartCollectionViewCell.swift in Sources */ = {isa = PBXBuildFile; fileRef = 3B4FFE9B2C62820300134466 /* ChartCollectionViewCell.swift */; };
		3B9BBC442C91902000A7C09D /* AlertController.swift in Sources */ = {isa = PBXBuildFile; fileRef = 3B9BBC432C91902000A7C09D /* AlertController.swift */; };
		3BBDDC5A2C85B6E700A6914A /* DetailScreenViewController.swift in Sources */ = {isa = PBXBuildFile; fileRef = 3BBDDC592C85B6E700A6914A /* DetailScreenViewController.swift */; };
		3BBE0FA42C728A0F003A4D22 /* CryptoCurrencyType.swift in Sources */ = {isa = PBXBuildFile; fileRef = 3BBE0FA32C728A0F003A4D22 /* CryptoCurrencyType.swift */; };
		3BC2C98D2C8A00C200457C20 /* GlobalData.swift in Sources */ = {isa = PBXBuildFile; fileRef = 3BC2C98C2C8A00C200457C20 /* GlobalData.swift */; };
		3BD8EC1D2C6B715600348B9D /* CustomPopoverView.swift in Sources */ = {isa = PBXBuildFile; fileRef = 3BD8EC1C2C6B715600348B9D /* CustomPopoverView.swift */; };
		3BFF15E02C60DD9200BB3B62 /* NetworkManager.swift in Sources */ = {isa = PBXBuildFile; fileRef = 3BFF15DF2C60DD9200BB3B62 /* NetworkManager.swift */; };
		3BFF15E42C627EEE00BB3B62 /* ChartsViewController.swift in Sources */ = {isa = PBXBuildFile; fileRef = 3BFF15E32C627EEE00BB3B62 /* ChartsViewController.swift */; };
		D689DC7F89ED9847DAE9BA8D /* Pods_CryptoTrack.framework in Frameworks */ = {isa = PBXBuildFile; fileRef = 8C6D03C5682A50AA6830043F /* Pods_CryptoTrack.framework */; };
/* End PBXBuildFile section */

/* Begin PBXFileReference section */
		3B0E8BB42CA7057100049583 /* RealmData.swift */ = {isa = PBXFileReference; lastKnownFileType = sourcecode.swift; path = RealmData.swift; sourceTree = "<group>"; };
		3B4D53CB2C5CD92400A3097D /* CryptoTrack.app */ = {isa = PBXFileReference; explicitFileType = wrapper.application; includeInIndex = 0; path = CryptoTrack.app; sourceTree = BUILT_PRODUCTS_DIR; };
		3B4D53CE2C5CD92400A3097D /* AppDelegate.swift */ = {isa = PBXFileReference; lastKnownFileType = sourcecode.swift; path = AppDelegate.swift; sourceTree = "<group>"; };
		3B4D53D02C5CD92400A3097D /* SceneDelegate.swift */ = {isa = PBXFileReference; lastKnownFileType = sourcecode.swift; path = SceneDelegate.swift; sourceTree = "<group>"; };
		3B4D53D22C5CD92400A3097D /* MainViewController.swift */ = {isa = PBXFileReference; lastKnownFileType = sourcecode.swift; path = MainViewController.swift; sourceTree = "<group>"; };
		3B4D53D52C5CD92400A3097D /* Base */ = {isa = PBXFileReference; lastKnownFileType = file.storyboard; name = Base; path = Base.lproj/Main.storyboard; sourceTree = "<group>"; };
		3B4D53D72C5CD92600A3097D /* Assets.xcassets */ = {isa = PBXFileReference; lastKnownFileType = folder.assetcatalog; path = Assets.xcassets; sourceTree = "<group>"; };
		3B4D53DA2C5CD92600A3097D /* Base */ = {isa = PBXFileReference; lastKnownFileType = file.storyboard; name = Base; path = Base.lproj/LaunchScreen.storyboard; sourceTree = "<group>"; };
		3B4D53DC2C5CD92600A3097D /* Info.plist */ = {isa = PBXFileReference; lastKnownFileType = text.plist.xml; path = Info.plist; sourceTree = "<group>"; };
		3B4FFE9B2C62820300134466 /* ChartCollectionViewCell.swift */ = {isa = PBXFileReference; lastKnownFileType = sourcecode.swift; path = ChartCollectionViewCell.swift; sourceTree = "<group>"; };
		3B9BBC432C91902000A7C09D /* AlertController.swift */ = {isa = PBXFileReference; lastKnownFileType = sourcecode.swift; path = AlertController.swift; sourceTree = "<group>"; };
		3BBDDC592C85B6E700A6914A /* DetailScreenViewController.swift */ = {isa = PBXFileReference; lastKnownFileType = sourcecode.swift; path = DetailScreenViewController.swift; sourceTree = "<group>"; };
		3BBE0FA32C728A0F003A4D22 /* CryptoCurrencyType.swift */ = {isa = PBXFileReference; lastKnownFileType = sourcecode.swift; path = CryptoCurrencyType.swift; sourceTree = "<group>"; };
		3BC2C98C2C8A00C200457C20 /* GlobalData.swift */ = {isa = PBXFileReference; lastKnownFileType = sourcecode.swift; path = GlobalData.swift; sourceTree = "<group>"; };
		3BD8EC1C2C6B715600348B9D /* CustomPopoverView.swift */ = {isa = PBXFileReference; lastKnownFileType = sourcecode.swift; path = CustomPopoverView.swift; sourceTree = "<group>"; };
		3BFF15DF2C60DD9200BB3B62 /* NetworkManager.swift */ = {isa = PBXFileReference; lastKnownFileType = sourcecode.swift; path = NetworkManager.swift; sourceTree = "<group>"; };
		3BFF15E32C627EEE00BB3B62 /* ChartsViewController.swift */ = {isa = PBXFileReference; lastKnownFileType = sourcecode.swift; path = ChartsViewController.swift; sourceTree = "<group>"; };
		6779AF6C1DEDD3AA2B72DE18 /* Pods-CryptoTrack.debug.xcconfig */ = {isa = PBXFileReference; includeInIndex = 1; lastKnownFileType = text.xcconfig; name = "Pods-CryptoTrack.debug.xcconfig"; path = "Target Support Files/Pods-CryptoTrack/Pods-CryptoTrack.debug.xcconfig"; sourceTree = "<group>"; };
		8C6D03C5682A50AA6830043F /* Pods_CryptoTrack.framework */ = {isa = PBXFileReference; explicitFileType = wrapper.framework; includeInIndex = 0; path = Pods_CryptoTrack.framework; sourceTree = BUILT_PRODUCTS_DIR; };
		A8A4A43965DCFED0F301E3D7 /* Pods-Money Manager.release.xcconfig */ = {isa = PBXFileReference; includeInIndex = 1; lastKnownFileType = text.xcconfig; name = "Pods-Money Manager.release.xcconfig"; path = "Target Support Files/Pods-Money Manager/Pods-Money Manager.release.xcconfig"; sourceTree = "<group>"; };
		E8F58B3299B25103A78CE05B /* Pods-Money Manager.debug.xcconfig */ = {isa = PBXFileReference; includeInIndex = 1; lastKnownFileType = text.xcconfig; name = "Pods-Money Manager.debug.xcconfig"; path = "Target Support Files/Pods-Money Manager/Pods-Money Manager.debug.xcconfig"; sourceTree = "<group>"; };
		FDBFD2DDC552FCAF98A042E7 /* Pods-CryptoTrack.release.xcconfig */ = {isa = PBXFileReference; includeInIndex = 1; lastKnownFileType = text.xcconfig; name = "Pods-CryptoTrack.release.xcconfig"; path = "Target Support Files/Pods-CryptoTrack/Pods-CryptoTrack.release.xcconfig"; sourceTree = "<group>"; };
/* End PBXFileReference section */

/* Begin PBXFrameworksBuildPhase section */
		3B4D53C82C5CD92400A3097D /* Frameworks */ = {
			isa = PBXFrameworksBuildPhase;
			buildActionMask = 2147483647;
			files = (
				D689DC7F89ED9847DAE9BA8D /* Pods_CryptoTrack.framework in Frameworks */,
			);
			runOnlyForDeploymentPostprocessing = 0;
		};
/* End PBXFrameworksBuildPhase section */

/* Begin PBXGroup section */
		3B4D53C22C5CD92400A3097D = {
			isa = PBXGroup;
			children = (
				3B4D53CD2C5CD92400A3097D /* CryptoTrack */,
				3B4D53CC2C5CD92400A3097D /* Products */,
				5122793E1BD2350A6F80C95C /* Pods */,
				D65DC84BD85AA00BB8C9C950 /* Frameworks */,
			);
			sourceTree = "<group>";
		};
		3B4D53CC2C5CD92400A3097D /* Products */ = {
			isa = PBXGroup;
			children = (
				3B4D53CB2C5CD92400A3097D /* CryptoTrack.app */,
			);
			name = Products;
			sourceTree = "<group>";
		};
		3B4D53CD2C5CD92400A3097D /* CryptoTrack */ = {
			isa = PBXGroup;
			children = (
				3B4D53CE2C5CD92400A3097D /* AppDelegate.swift */,
				3B4D53D02C5CD92400A3097D /* SceneDelegate.swift */,
				3BFF15E12C627EAE00BB3B62 /* Network & DataSource */,
				3BFF15E22C627ECA00BB3B62 /* TestScreen */,
				3BFF15E52C627EFD00BB3B62 /* ChartsViewController */,
				3BBDDC5B2C85B6EE00A6914A /* DetailScreen */,
				3B9BBC452C91903600A7C09D /* AlertController */,
				3B4D53D42C5CD92400A3097D /* Main.storyboard */,
				3B4D53D72C5CD92600A3097D /* Assets.xcassets */,
				3B4D53D92C5CD92600A3097D /* LaunchScreen.storyboard */,
				3B4D53DC2C5CD92600A3097D /* Info.plist */,
			);
			path = CryptoTrack;
			sourceTree = "<group>";
		};
		3B9BBC452C91903600A7C09D /* AlertController */ = {
			isa = PBXGroup;
			children = (
				3B9BBC432C91902000A7C09D /* AlertController.swift */,
			);
			path = AlertController;
			sourceTree = "<group>";
		};
		3BBDDC5B2C85B6EE00A6914A /* DetailScreen */ = {
			isa = PBXGroup;
			children = (
				3BBDDC592C85B6E700A6914A /* DetailScreenViewController.swift */,
			);
			path = DetailScreen;
			sourceTree = "<group>";
		};
		3BFF15E12C627EAE00BB3B62 /* Network & DataSource */ = {
			isa = PBXGroup;
			children = (
				3BFF15DF2C60DD9200BB3B62 /* NetworkManager.swift */,
				3BBE0FA32C728A0F003A4D22 /* CryptoCurrencyType.swift */,
				3BC2C98C2C8A00C200457C20 /* GlobalData.swift */,
				3B0E8BB42CA7057100049583 /* RealmData.swift */,
			);
			path = "Network & DataSource";
			sourceTree = "<group>";
		};
		3BFF15E22C627ECA00BB3B62 /* TestScreen */ = {
			isa = PBXGroup;
			children = (
				3B4D53D22C5CD92400A3097D /* MainViewController.swift */,
			);
			path = TestScreen;
			sourceTree = "<group>";
		};
		3BFF15E52C627EFD00BB3B62 /* ChartsViewController */ = {
			isa = PBXGroup;
			children = (
				3BFF15E32C627EEE00BB3B62 /* ChartsViewController.swift */,
				3B4FFE9B2C62820300134466 /* ChartCollectionViewCell.swift */,
				3BD8EC1C2C6B715600348B9D /* CustomPopoverView.swift */,
			);
			path = ChartsViewController;
			sourceTree = "<group>";
		};
		5122793E1BD2350A6F80C95C /* Pods */ = {
			isa = PBXGroup;
			children = (
				E8F58B3299B25103A78CE05B /* Pods-Money Manager.debug.xcconfig */,
				A8A4A43965DCFED0F301E3D7 /* Pods-Money Manager.release.xcconfig */,
				6779AF6C1DEDD3AA2B72DE18 /* Pods-CryptoTrack.debug.xcconfig */,
				FDBFD2DDC552FCAF98A042E7 /* Pods-CryptoTrack.release.xcconfig */,
			);
			path = Pods;
			sourceTree = "<group>";
		};
		D65DC84BD85AA00BB8C9C950 /* Frameworks */ = {
			isa = PBXGroup;
			children = (
				8C6D03C5682A50AA6830043F /* Pods_CryptoTrack.framework */,
			);
			name = Frameworks;
			sourceTree = "<group>";
		};
/* End PBXGroup section */

/* Begin PBXNativeTarget section */
		3B4D53CA2C5CD92400A3097D /* CryptoTrack */ = {
			isa = PBXNativeTarget;
			buildConfigurationList = 3B4D53DF2C5CD92600A3097D /* Build configuration list for PBXNativeTarget "CryptoTrack" */;
			buildPhases = (
				6D7FCC53F24D2F5C947AEC50 /* [CP] Check Pods Manifest.lock */,
				3B4D53C72C5CD92400A3097D /* Sources */,
				3B4D53C82C5CD92400A3097D /* Frameworks */,
				3B4D53C92C5CD92400A3097D /* Resources */,
				3261A1A259E2F2B79DDF40B9 /* [CP] Embed Pods Frameworks */,
			);
			buildRules = (
			);
			dependencies = (
			);
			name = CryptoTrack;
			productName = "Money Manager";
			productReference = 3B4D53CB2C5CD92400A3097D /* CryptoTrack.app */;
			productType = "com.apple.product-type.application";
		};
/* End PBXNativeTarget section */

/* Begin PBXProject section */
		3B4D53C32C5CD92400A3097D /* Project object */ = {
			isa = PBXProject;
			attributes = {
				BuildIndependentTargetsInParallel = 1;
				LastSwiftUpdateCheck = 1540;
				LastUpgradeCheck = 1540;
				TargetAttributes = {
					3B4D53CA2C5CD92400A3097D = {
						CreatedOnToolsVersion = 15.4;
					};
				};
			};
			buildConfigurationList = 3B4D53C62C5CD92400A3097D /* Build configuration list for PBXProject "CryptoTrack" */;
			compatibilityVersion = "Xcode 14.0";
			developmentRegion = en;
			hasScannedForEncodings = 0;
			knownRegions = (
				en,
				Base,
			);
			mainGroup = 3B4D53C22C5CD92400A3097D;
			productRefGroup = 3B4D53CC2C5CD92400A3097D /* Products */;
			projectDirPath = "";
			projectRoot = "";
			targets = (
				3B4D53CA2C5CD92400A3097D /* CryptoTrack */,
			);
		};
/* End PBXProject section */

/* Begin PBXResourcesBuildPhase section */
		3B4D53C92C5CD92400A3097D /* Resources */ = {
			isa = PBXResourcesBuildPhase;
			buildActionMask = 2147483647;
			files = (
				3B4D53D82C5CD92600A3097D /* Assets.xcassets in Resources */,
				3B4D53DB2C5CD92600A3097D /* Base in Resources */,
				3B4D53D62C5CD92400A3097D /* Base in Resources */,
			);
			runOnlyForDeploymentPostprocessing = 0;
		};
/* End PBXResourcesBuildPhase section */

/* Begin PBXShellScriptBuildPhase section */
		3261A1A259E2F2B79DDF40B9 /* [CP] Embed Pods Frameworks */ = {
			isa = PBXShellScriptBuildPhase;
			buildActionMask = 2147483647;
			files = (
			);
			inputFileListPaths = (
				"${PODS_ROOT}/Target Support Files/Pods-CryptoTrack/Pods-CryptoTrack-frameworks-${CONFIGURATION}-input-files.xcfilelist",
			);
			name = "[CP] Embed Pods Frameworks";
			outputFileListPaths = (
				"${PODS_ROOT}/Target Support Files/Pods-CryptoTrack/Pods-CryptoTrack-frameworks-${CONFIGURATION}-output-files.xcfilelist",
			);
			runOnlyForDeploymentPostprocessing = 0;
			shellPath = /bin/sh;
			shellScript = "\"${PODS_ROOT}/Target Support Files/Pods-CryptoTrack/Pods-CryptoTrack-frameworks.sh\"\n";
			showEnvVarsInLog = 0;
		};
		6D7FCC53F24D2F5C947AEC50 /* [CP] Check Pods Manifest.lock */ = {
			isa = PBXShellScriptBuildPhase;
			buildActionMask = 2147483647;
			files = (
			);
			inputFileListPaths = (
			);
			inputPaths = (
				"${PODS_PODFILE_DIR_PATH}/Podfile.lock",
				"${PODS_ROOT}/Manifest.lock",
			);
			name = "[CP] Check Pods Manifest.lock";
			outputFileListPaths = (
			);
			outputPaths = (
				"$(DERIVED_FILE_DIR)/Pods-CryptoTrack-checkManifestLockResult.txt",
			);
			runOnlyForDeploymentPostprocessing = 0;
			shellPath = /bin/sh;
			shellScript = "diff \"${PODS_PODFILE_DIR_PATH}/Podfile.lock\" \"${PODS_ROOT}/Manifest.lock\" > /dev/null\nif [ $? != 0 ] ; then\n    # print error to STDERR\n    echo \"error: The sandbox is not in sync with the Podfile.lock. Run 'pod install' or update your CocoaPods installation.\" >&2\n    exit 1\nfi\n# This output is used by Xcode 'outputs' to avoid re-running this script phase.\necho \"SUCCESS\" > \"${SCRIPT_OUTPUT_FILE_0}\"\n";
			showEnvVarsInLog = 0;
		};
/* End PBXShellScriptBuildPhase section */

/* Begin PBXSourcesBuildPhase section */
		3B4D53C72C5CD92400A3097D /* Sources */ = {
			isa = PBXSourcesBuildPhase;
			buildActionMask = 2147483647;
			files = (
				3BFF15E02C60DD9200BB3B62 /* NetworkManager.swift in Sources */,
				3B0E8BB52CA7057B00049583 /* RealmData.swift in Sources */,
				3BFF15E42C627EEE00BB3B62 /* ChartsViewController.swift in Sources */,
				3BD8EC1D2C6B715600348B9D /* CustomPopoverView.swift in Sources */,
				3B4D53D32C5CD92400A3097D /* MainViewController.swift in Sources */,
				3B4FFE9C2C62820300134466 /* ChartCollectionViewCell.swift in Sources */,
				3B4D53CF2C5CD92400A3097D /* AppDelegate.swift in Sources */,
				3BC2C98D2C8A00C200457C20 /* GlobalData.swift in Sources */,
				3BBDDC5A2C85B6E700A6914A /* DetailScreenViewController.swift in Sources */,
				3B9BBC442C91902000A7C09D /* AlertController.swift in Sources */,
				3BBE0FA42C728A0F003A4D22 /* CryptoCurrencyType.swift in Sources */,
				3B4D53D12C5CD92400A3097D /* SceneDelegate.swift in Sources */,
			);
			runOnlyForDeploymentPostprocessing = 0;
		};
/* End PBXSourcesBuildPhase section */

/* Begin PBXVariantGroup section */
		3B4D53D42C5CD92400A3097D /* Main.storyboard */ = {
			isa = PBXVariantGroup;
			children = (
				3B4D53D52C5CD92400A3097D /* Base */,
			);
			name = Main.storyboard;
			sourceTree = "<group>";
		};
		3B4D53D92C5CD92600A3097D /* LaunchScreen.storyboard */ = {
			isa = PBXVariantGroup;
			children = (
				3B4D53DA2C5CD92600A3097D /* Base */,
			);
			name = LaunchScreen.storyboard;
			sourceTree = "<group>";
		};
/* End PBXVariantGroup section */

/* Begin XCBuildConfiguration section */
		3B4D53DD2C5CD92600A3097D /* Debug */ = {
			isa = XCBuildConfiguration;
			buildSettings = {
				ALWAYS_SEARCH_USER_PATHS = NO;
				ASSETCATALOG_COMPILER_GENERATE_SWIFT_ASSET_SYMBOL_EXTENSIONS = YES;
				CLANG_ANALYZER_NONNULL = YES;
				CLANG_ANALYZER_NUMBER_OBJECT_CONVERSION = YES_AGGRESSIVE;
				CLANG_CXX_LANGUAGE_STANDARD = "gnu++20";
				CLANG_ENABLE_MODULES = YES;
				CLANG_ENABLE_OBJC_ARC = YES;
				CLANG_ENABLE_OBJC_WEAK = YES;
				CLANG_WARN_BLOCK_CAPTURE_AUTORELEASING = YES;
				CLANG_WARN_BOOL_CONVERSION = YES;
				CLANG_WARN_COMMA = YES;
				CLANG_WARN_CONSTANT_CONVERSION = YES;
				CLANG_WARN_DEPRECATED_OBJC_IMPLEMENTATIONS = YES;
				CLANG_WARN_DIRECT_OBJC_ISA_USAGE = YES_ERROR;
				CLANG_WARN_DOCUMENTATION_COMMENTS = YES;
				CLANG_WARN_EMPTY_BODY = YES;
				CLANG_WARN_ENUM_CONVERSION = YES;
				CLANG_WARN_INFINITE_RECURSION = YES;
				CLANG_WARN_INT_CONVERSION = YES;
				CLANG_WARN_NON_LITERAL_NULL_CONVERSION = YES;
				CLANG_WARN_OBJC_IMPLICIT_RETAIN_SELF = YES;
				CLANG_WARN_OBJC_LITERAL_CONVERSION = YES;
				CLANG_WARN_OBJC_ROOT_CLASS = YES_ERROR;
				CLANG_WARN_QUOTED_INCLUDE_IN_FRAMEWORK_HEADER = YES;
				CLANG_WARN_RANGE_LOOP_ANALYSIS = YES;
				CLANG_WARN_STRICT_PROTOTYPES = YES;
				CLANG_WARN_SUSPICIOUS_MOVE = YES;
				CLANG_WARN_UNGUARDED_AVAILABILITY = YES_AGGRESSIVE;
				CLANG_WARN_UNREACHABLE_CODE = YES;
				CLANG_WARN__DUPLICATE_METHOD_MATCH = YES;
				COPY_PHASE_STRIP = NO;
				DEBUG_INFORMATION_FORMAT = dwarf;
				ENABLE_STRICT_OBJC_MSGSEND = YES;
				ENABLE_TESTABILITY = YES;
				ENABLE_USER_SCRIPT_SANDBOXING = NO;
				GCC_C_LANGUAGE_STANDARD = gnu17;
				GCC_DYNAMIC_NO_PIC = NO;
				GCC_NO_COMMON_BLOCKS = YES;
				GCC_OPTIMIZATION_LEVEL = 0;
				GCC_PREPROCESSOR_DEFINITIONS = (
					"DEBUG=1",
					"$(inherited)",
				);
				GCC_WARN_64_TO_32_BIT_CONVERSION = YES;
				GCC_WARN_ABOUT_RETURN_TYPE = YES_ERROR;
				GCC_WARN_UNDECLARED_SELECTOR = YES;
				GCC_WARN_UNINITIALIZED_AUTOS = YES_AGGRESSIVE;
				GCC_WARN_UNUSED_FUNCTION = YES;
				GCC_WARN_UNUSED_VARIABLE = YES;
				IPHONEOS_DEPLOYMENT_TARGET = 17.5;
				LOCALIZATION_PREFERS_STRING_CATALOGS = YES;
				MTL_ENABLE_DEBUG_INFO = INCLUDE_SOURCE;
				MTL_FAST_MATH = YES;
				ONLY_ACTIVE_ARCH = YES;
				SDKROOT = iphoneos;
				SWIFT_ACTIVE_COMPILATION_CONDITIONS = "DEBUG $(inherited)";
				SWIFT_OPTIMIZATION_LEVEL = "-Onone";
			};
			name = Debug;
		};
		3B4D53DE2C5CD92600A3097D /* Release */ = {
			isa = XCBuildConfiguration;
			buildSettings = {
				ALWAYS_SEARCH_USER_PATHS = NO;
				ASSETCATALOG_COMPILER_GENERATE_SWIFT_ASSET_SYMBOL_EXTENSIONS = YES;
				CLANG_ANALYZER_NONNULL = YES;
				CLANG_ANALYZER_NUMBER_OBJECT_CONVERSION = YES_AGGRESSIVE;
				CLANG_CXX_LANGUAGE_STANDARD = "gnu++20";
				CLANG_ENABLE_MODULES = YES;
				CLANG_ENABLE_OBJC_ARC = YES;
				CLANG_ENABLE_OBJC_WEAK = YES;
				CLANG_WARN_BLOCK_CAPTURE_AUTORELEASING = YES;
				CLANG_WARN_BOOL_CONVERSION = YES;
				CLANG_WARN_COMMA = YES;
				CLANG_WARN_CONSTANT_CONVERSION = YES;
				CLANG_WARN_DEPRECATED_OBJC_IMPLEMENTATIONS = YES;
				CLANG_WARN_DIRECT_OBJC_ISA_USAGE = YES_ERROR;
				CLANG_WARN_DOCUMENTATION_COMMENTS = YES;
				CLANG_WARN_EMPTY_BODY = YES;
				CLANG_WARN_ENUM_CONVERSION = YES;
				CLANG_WARN_INFINITE_RECURSION = YES;
				CLANG_WARN_INT_CONVERSION = YES;
				CLANG_WARN_NON_LITERAL_NULL_CONVERSION = YES;
				CLANG_WARN_OBJC_IMPLICIT_RETAIN_SELF = YES;
				CLANG_WARN_OBJC_LITERAL_CONVERSION = YES;
				CLANG_WARN_OBJC_ROOT_CLASS = YES_ERROR;
				CLANG_WARN_QUOTED_INCLUDE_IN_FRAMEWORK_HEADER = YES;
				CLANG_WARN_RANGE_LOOP_ANALYSIS = YES;
				CLANG_WARN_STRICT_PROTOTYPES = YES;
				CLANG_WARN_SUSPICIOUS_MOVE = YES;
				CLANG_WARN_UNGUARDED_AVAILABILITY = YES_AGGRESSIVE;
				CLANG_WARN_UNREACHABLE_CODE = YES;
				CLANG_WARN__DUPLICATE_METHOD_MATCH = YES;
				COPY_PHASE_STRIP = NO;
				DEBUG_INFORMATION_FORMAT = "dwarf-with-dsym";
				ENABLE_NS_ASSERTIONS = NO;
				ENABLE_STRICT_OBJC_MSGSEND = YES;
				ENABLE_USER_SCRIPT_SANDBOXING = NO;
				GCC_C_LANGUAGE_STANDARD = gnu17;
				GCC_NO_COMMON_BLOCKS = YES;
				GCC_WARN_64_TO_32_BIT_CONVERSION = YES;
				GCC_WARN_ABOUT_RETURN_TYPE = YES_ERROR;
				GCC_WARN_UNDECLARED_SELECTOR = YES;
				GCC_WARN_UNINITIALIZED_AUTOS = YES_AGGRESSIVE;
				GCC_WARN_UNUSED_FUNCTION = YES;
				GCC_WARN_UNUSED_VARIABLE = YES;
				IPHONEOS_DEPLOYMENT_TARGET = 17.5;
				LOCALIZATION_PREFERS_STRING_CATALOGS = YES;
				MTL_ENABLE_DEBUG_INFO = NO;
				MTL_FAST_MATH = YES;
				SDKROOT = iphoneos;
				SWIFT_COMPILATION_MODE = wholemodule;
				VALIDATE_PRODUCT = YES;
			};
			name = Release;
		};
		3B4D53E02C5CD92600A3097D /* Debug */ = {
			isa = XCBuildConfiguration;
			baseConfigurationReference = 6779AF6C1DEDD3AA2B72DE18 /* Pods-CryptoTrack.debug.xcconfig */;
			buildSettings = {
				ASSETCATALOG_COMPILER_APPICON_NAME = AppIcon;
				ASSETCATALOG_COMPILER_GLOBAL_ACCENT_COLOR_NAME = AccentColor;
				CODE_SIGN_STYLE = Automatic;
				CURRENT_PROJECT_VERSION = 1;
				DEVELOPMENT_TEAM = 5J3R85UNX5;
				GENERATE_INFOPLIST_FILE = YES;
				INFOPLIST_FILE = CryptoTrack/Info.plist;
				INFOPLIST_KEY_UIApplicationSupportsIndirectInputEvents = YES;
				INFOPLIST_KEY_UILaunchStoryboardName = LaunchScreen;
				INFOPLIST_KEY_UIMainStoryboardFile = Main;
				INFOPLIST_KEY_UISupportedInterfaceOrientations_iPad = "UIInterfaceOrientationPortrait UIInterfaceOrientationPortraitUpsideDown UIInterfaceOrientationLandscapeLeft UIInterfaceOrientationLandscapeRight";
				INFOPLIST_KEY_UISupportedInterfaceOrientations_iPhone = "UIInterfaceOrientationPortrait UIInterfaceOrientationLandscapeLeft UIInterfaceOrientationLandscapeRight";
				LD_RUNPATH_SEARCH_PATHS = (
					"$(inherited)",
					"@executable_path/Frameworks",
				);
				MARKETING_VERSION = 1.0;
				PRODUCT_BUNDLE_IDENTIFIER = "Kim.Money-Manager";
				PRODUCT_NAME = "$(TARGET_NAME)";
				SWIFT_EMIT_LOC_STRINGS = YES;
				SWIFT_VERSION = 5.0;
				TARGETED_DEVICE_FAMILY = "1,2";
			};
			name = Debug;
		};
		3B4D53E12C5CD92600A3097D /* Release */ = {
			isa = XCBuildConfiguration;
			baseConfigurationReference = FDBFD2DDC552FCAF98A042E7 /* Pods-CryptoTrack.release.xcconfig */;
			buildSettings = {
				ASSETCATALOG_COMPILER_APPICON_NAME = AppIcon;
				ASSETCATALOG_COMPILER_GLOBAL_ACCENT_COLOR_NAME = AccentColor;
				CODE_SIGN_STYLE = Automatic;
				CURRENT_PROJECT_VERSION = 1;
				DEVELOPMENT_TEAM = 5J3R85UNX5;
				GENERATE_INFOPLIST_FILE = YES;
				INFOPLIST_FILE = CryptoTrack/Info.plist;
				INFOPLIST_KEY_UIApplicationSupportsIndirectInputEvents = YES;
				INFOPLIST_KEY_UILaunchStoryboardName = LaunchScreen;
				INFOPLIST_KEY_UIMainStoryboardFile = Main;
				INFOPLIST_KEY_UISupportedInterfaceOrientations_iPad = "UIInterfaceOrientationPortrait UIInterfaceOrientationPortraitUpsideDown UIInterfaceOrientationLandscapeLeft UIInterfaceOrientationLandscapeRight";
				INFOPLIST_KEY_UISupportedInterfaceOrientations_iPhone = "UIInterfaceOrientationPortrait UIInterfaceOrientationLandscapeLeft UIInterfaceOrientationLandscapeRight";
				LD_RUNPATH_SEARCH_PATHS = (
					"$(inherited)",
					"@executable_path/Frameworks",
				);
				MARKETING_VERSION = 1.0;
				PRODUCT_BUNDLE_IDENTIFIER = "Kim.Money-Manager";
				PRODUCT_NAME = "$(TARGET_NAME)";
				SWIFT_EMIT_LOC_STRINGS = YES;
				SWIFT_VERSION = 5.0;
				TARGETED_DEVICE_FAMILY = "1,2";
			};
			name = Release;
		};
/* End XCBuildConfiguration section */

/* Begin XCConfigurationList section */
		3B4D53C62C5CD92400A3097D /* Build configuration list for PBXProject "CryptoTrack" */ = {
			isa = XCConfigurationList;
			buildConfigurations = (
				3B4D53DD2C5CD92600A3097D /* Debug */,
				3B4D53DE2C5CD92600A3097D /* Release */,
			);
			defaultConfigurationIsVisible = 0;
			defaultConfigurationName = Release;
		};
		3B4D53DF2C5CD92600A3097D /* Build configuration list for PBXNativeTarget "CryptoTrack" */ = {
			isa = XCConfigurationList;
			buildConfigurations = (
				3B4D53E02C5CD92600A3097D /* Debug */,
				3B4D53E12C5CD92600A3097D /* Release */,
			);
			defaultConfigurationIsVisible = 0;
			defaultConfigurationName = Release;
		};
/* End XCConfigurationList section */
	};
	rootObject = 3B4D53C32C5CD92400A3097D /* Project object */;
}
