// !$*UTF8*$!
{
	archiveVersion = 1;
	classes = {
	};
	objectVersion = 56;
	objects = {

/* Begin PBXBuildFile section */
		3B3DEABA2DACFF5F00EFAB29 /* WidgetKit.framework in Frameworks */ = {isa = PBXBuildFile; fileRef = 3B3DEAB92DACFF5F00EFAB29 /* WidgetKit.framework */; };
		3B3DEABC2DACFF5F00EFAB29 /* SwiftUI.framework in Frameworks */ = {isa = PBXBuildFile; fileRef = 3B3DEABB2DACFF5F00EFAB29 /* SwiftUI.framework */; };
		3B3DEACB2DACFF6200EFAB29 /* CryptoWidgetExtension.appex in Embed Foundation Extensions */ = {isa = PBXBuildFile; fileRef = 3B3DEAB82DACFF5F00EFAB29 /* CryptoWidgetExtension.appex */; settings = {ATTRIBUTES = (RemoveHeadersOnCopy, ); }; };
		3B54FF4E2EAAD0A80040A02D /* AppIntent.swift in Sources */ = {isa = PBXBuildFile; fileRef = 3B54FF472EAAD0A80040A02D /* AppIntent.swift */; };
		3B54FF4F2EAAD0A80040A02D /* CryptoWidget.swift in Sources */ = {isa = PBXBuildFile; fileRef = 3B54FF492EAAD0A80040A02D /* CryptoWidget.swift */; };
		3B54FF502EAAD0A80040A02D /* CryptoWidgetBundle.swift in Sources */ = {isa = PBXBuildFile; fileRef = 3B54FF4A2EAAD0A80040A02D /* CryptoWidgetBundle.swift */; };
		3B54FF512EAAD0A80040A02D /* CryptoWidgetLiveActivity.swift in Sources */ = {isa = PBXBuildFile; fileRef = 3B54FF4B2EAAD0A80040A02D /* CryptoWidgetLiveActivity.swift */; };
		3B54FF522EAAD0A80040A02D /* Assets.xcassets in Resources */ = {isa = PBXBuildFile; fileRef = 3B54FF482EAAD0A80040A02D /* Assets.xcassets */; };
		3B77C7C12EAACD7C0010D6F7 /* ChartCollectionViewCell.swift in Sources */ = {isa = PBXBuildFile; fileRef = 3B77C79E2EAACD7C0010D6F7 /* ChartCollectionViewCell.swift */; };
		3B77C7C32EAACD7C0010D6F7 /* ChangeCurrencyTableViewCell.swift in Sources */ = {isa = PBXBuildFile; fileRef = 3B77C7A12EAACD7C0010D6F7 /* ChangeCurrencyTableViewCell.swift */; };
		3B77C7C42EAACD7C0010D6F7 /* ChangeCurrencyViewController.swift in Sources */ = {isa = PBXBuildFile; fileRef = 3B77C7A22EAACD7C0010D6F7 /* ChangeCurrencyViewController.swift */; };
		3B77C7C52EAACD7C0010D6F7 /* CustomXAxisFormatter.swift in Sources */ = {isa = PBXBuildFile; fileRef = 3B77C7A32EAACD7C0010D6F7 /* CustomXAxisFormatter.swift */; };
		3B77C7C62EAACD7C0010D6F7 /* DateManager.swift in Sources */ = {isa = PBXBuildFile; fileRef = 3B77C7A42EAACD7C0010D6F7 /* DateManager.swift */; };
		3B77C7C82EAACD7C0010D6F7 /* InfoTableViewCell.swift in Sources */ = {isa = PBXBuildFile; fileRef = 3B77C7A72EAACD7C0010D6F7 /* InfoTableViewCell.swift */; };
		3B77C7C92EAACD7C0010D6F7 /* InfoViewController.swift in Sources */ = {isa = PBXBuildFile; fileRef = 3B77C7A82EAACD7C0010D6F7 /* InfoViewController.swift */; };
		3B77C7CB2EAACD7C0010D6F7 /* CryptoCurrencyType.swift in Sources */ = {isa = PBXBuildFile; fileRef = 3B77C7AB2EAACD7C0010D6F7 /* CryptoCurrencyType.swift */; };
		3B77C7CC2EAACD7C0010D6F7 /* GlobalData.swift in Sources */ = {isa = PBXBuildFile; fileRef = 3B77C7AC2EAACD7C0010D6F7 /* GlobalData.swift */; };
		3B77C7CE2EAACD7C0010D6F7 /* RealmData.swift in Sources */ = {isa = PBXBuildFile; fileRef = 3B77C7AE2EAACD7C0010D6F7 /* RealmData.swift */; };
		3B77C7CF2EAACD7C0010D6F7 /* CustomPopoverView.swift in Sources */ = {isa = PBXBuildFile; fileRef = 3B77C7B02EAACD7C0010D6F7 /* CustomPopoverView.swift */; };
		3B77C7D02EAACD7C0010D6F7 /* SettingsViewController.swift in Sources */ = {isa = PBXBuildFile; fileRef = 3B77C7B22EAACD7C0010D6F7 /* SettingsViewController.swift */; };
		3B77C7D12EAACD7C0010D6F7 /* MainViewController.swift in Sources */ = {isa = PBXBuildFile; fileRef = 3B77C7B42EAACD7C0010D6F7 /* MainViewController.swift */; };
		3B77C7D22EAACD7C0010D6F7 /* AppDelegate.swift in Sources */ = {isa = PBXBuildFile; fileRef = 3B77C7B62EAACD7C0010D6F7 /* AppDelegate.swift */; };
		3B77C7D32EAACD7C0010D6F7 /* SceneDelegate.swift in Sources */ = {isa = PBXBuildFile; fileRef = 3B77C7BC2EAACD7C0010D6F7 /* SceneDelegate.swift */; };
		3B77C7D42EAACD7C0010D6F7 /* Assets.xcassets in Resources */ = {isa = PBXBuildFile; fileRef = 3B77C7B72EAACD7C0010D6F7 /* Assets.xcassets */; };
		3B77C7D72EAACD7C0010D6F7 /* Main.storyboard in Resources */ = {isa = PBXBuildFile; fileRef = 3B77C7BB2EAACD7C0010D6F7 /* Main.storyboard */; };
		3B77C7D82EAACD7C0010D6F7 /* Base in Resources */ = {isa = PBXBuildFile; fileRef = 3B77C7B92EAACD7C0010D6F7 /* Base */; };
		3B9297E12EC6264600765AA8 /* CryptoTrackIcon.icon in Resources */ = {isa = PBXBuildFile; fileRef = 3B9297E02EC6264600765AA8 /* CryptoTrackIcon.icon */; };
		3BFAEB742EC856B10039E548 /* UIAlertController.swift in Sources */ = {isa = PBXBuildFile; fileRef = 3BFAEB732EC856A90039E548 /* UIAlertController.swift */; };
		6952617D2F6196B70074F502 /* Alamofire in Frameworks */ = {isa = PBXBuildFile; productRef = 6952617C2F6196B70074F502 /* Alamofire */; };
		6952617F2F6196BD0074F502 /* DGCharts in Frameworks */ = {isa = PBXBuildFile; productRef = 6952617E2F6196BD0074F502 /* DGCharts */; };
		6952618E2F61975A0074F502 /* RealmSwift in Frameworks */ = {isa = PBXBuildFile; productRef = 6952618D2F61975A0074F502 /* RealmSwift */; };
		6952618F2F61975A0074F502 /* RealmSwift in Embed Frameworks */ = {isa = PBXBuildFile; productRef = 6952618D2F61975A0074F502 /* RealmSwift */; settings = {ATTRIBUTES = (CodeSignOnCopy, ); }; };
		69912B992F6175EC00375102 /* NetworkManager.swift in Sources */ = {isa = PBXBuildFile; fileRef = 69912B982F6175EC00375102 /* NetworkManager.swift */; };
		69912B9B2F6175F600375102 /* ChartsViewController.swift in Sources */ = {isa = PBXBuildFile; fileRef = 69912B9A2F6175F600375102 /* ChartsViewController.swift */; };
		69912B9D2F61760100375102 /* DetailScreenViewController.swift in Sources */ = {isa = PBXBuildFile; fileRef = 69912B9C2F61760100375102 /* DetailScreenViewController.swift */; };
		69912B9F2F61760D00375102 /* TextViewController.swift in Sources */ = {isa = PBXBuildFile; fileRef = 69912B9E2F61760D00375102 /* TextViewController.swift */; };
/* End PBXBuildFile section */

/* Begin PBXContainerItemProxy section */
		3B3DEAC92DACFF6200EFAB29 /* PBXContainerItemProxy */ = {
			isa = PBXContainerItemProxy;
			containerPortal = 3B4D53C32C5CD92400A3097D /* Project object */;
			proxyType = 1;
			remoteGlobalIDString = 3B3DEAB72DACFF5F00EFAB29;
			remoteInfo = CryptoWidgetExtension;
		};
/* End PBXContainerItemProxy section */

/* Begin PBXCopyFilesBuildPhase section */
		3B3DEAD02DACFF6200EFAB29 /* Embed Foundation Extensions */ = {
			isa = PBXCopyFilesBuildPhase;
			buildActionMask = 2147483647;
			dstPath = "";
			dstSubfolderSpec = 13;
			files = (
				3B3DEACB2DACFF6200EFAB29 /* CryptoWidgetExtension.appex in Embed Foundation Extensions */,
			);
			name = "Embed Foundation Extensions";
			runOnlyForDeploymentPostprocessing = 0;
		};
		695261832F6196C30074F502 /* Embed Frameworks */ = {
			isa = PBXCopyFilesBuildPhase;
			buildActionMask = 2147483647;
			dstPath = "";
			dstSubfolderSpec = 10;
			files = (
				6952618F2F61975A0074F502 /* RealmSwift in Embed Frameworks */,
			);
			name = "Embed Frameworks";
			runOnlyForDeploymentPostprocessing = 0;
		};
/* End PBXCopyFilesBuildPhase section */

/* Begin PBXFileReference section */
		3B3DEAB82DACFF5F00EFAB29 /* CryptoWidgetExtension.appex */ = {isa = PBXFileReference; explicitFileType = "wrapper.app-extension"; includeInIndex = 0; path = CryptoWidgetExtension.appex; sourceTree = BUILT_PRODUCTS_DIR; };
		3B3DEAB92DACFF5F00EFAB29 /* WidgetKit.framework */ = {isa = PBXFileReference; lastKnownFileType = wrapper.framework; name = WidgetKit.framework; path = System/Library/Frameworks/WidgetKit.framework; sourceTree = SDKROOT; };
		3B3DEABB2DACFF5F00EFAB29 /* SwiftUI.framework */ = {isa = PBXFileReference; lastKnownFileType = wrapper.framework; name = SwiftUI.framework; path = System/Library/Frameworks/SwiftUI.framework; sourceTree = SDKROOT; };
		3B4D53CB2C5CD92400A3097D /* CryptoTrack.app */ = {isa = PBXFileReference; explicitFileType = wrapper.application; includeInIndex = 0; path = CryptoTrack.app; sourceTree = BUILT_PRODUCTS_DIR; };
		3B54FF472EAAD0A80040A02D /* AppIntent.swift */ = {isa = PBXFileReference; lastKnownFileType = sourcecode.swift; path = AppIntent.swift; sourceTree = "<group>"; };
		3B54FF482EAAD0A80040A02D /* Assets.xcassets */ = {isa = PBXFileReference; lastKnownFileType = folder.assetcatalog; path = Assets.xcassets; sourceTree = "<group>"; };
		3B54FF492EAAD0A80040A02D /* CryptoWidget.swift */ = {isa = PBXFileReference; lastKnownFileType = sourcecode.swift; path = CryptoWidget.swift; sourceTree = "<group>"; };
		3B54FF4A2EAAD0A80040A02D /* CryptoWidgetBundle.swift */ = {isa = PBXFileReference; lastKnownFileType = sourcecode.swift; path = CryptoWidgetBundle.swift; sourceTree = "<group>"; };
		3B54FF4B2EAAD0A80040A02D /* CryptoWidgetLiveActivity.swift */ = {isa = PBXFileReference; lastKnownFileType = sourcecode.swift; path = CryptoWidgetLiveActivity.swift; sourceTree = "<group>"; };
		3B54FF4C2EAAD0A80040A02D /* Info.plist */ = {isa = PBXFileReference; lastKnownFileType = text.plist.xml; path = Info.plist; sourceTree = "<group>"; };
		3B77C79E2EAACD7C0010D6F7 /* ChartCollectionViewCell.swift */ = {isa = PBXFileReference; lastKnownFileType = sourcecode.swift; path = ChartCollectionViewCell.swift; sourceTree = "<group>"; };
		3B77C7A12EAACD7C0010D6F7 /* ChangeCurrencyTableViewCell.swift */ = {isa = PBXFileReference; lastKnownFileType = sourcecode.swift; path = ChangeCurrencyTableViewCell.swift; sourceTree = "<group>"; };
		3B77C7A22EAACD7C0010D6F7 /* ChangeCurrencyViewController.swift */ = {isa = PBXFileReference; lastKnownFileType = sourcecode.swift; path = ChangeCurrencyViewController.swift; sourceTree = "<group>"; };
		3B77C7A32EAACD7C0010D6F7 /* CustomXAxisFormatter.swift */ = {isa = PBXFileReference; lastKnownFileType = sourcecode.swift; path = CustomXAxisFormatter.swift; sourceTree = "<group>"; };
		3B77C7A42EAACD7C0010D6F7 /* DateManager.swift */ = {isa = PBXFileReference; lastKnownFileType = sourcecode.swift; path = DateManager.swift; sourceTree = "<group>"; };
		3B77C7A72EAACD7C0010D6F7 /* InfoTableViewCell.swift */ = {isa = PBXFileReference; lastKnownFileType = sourcecode.swift; path = InfoTableViewCell.swift; sourceTree = "<group>"; };
		3B77C7A82EAACD7C0010D6F7 /* InfoViewController.swift */ = {isa = PBXFileReference; lastKnownFileType = sourcecode.swift; path = InfoViewController.swift; sourceTree = "<group>"; };
		3B77C7AB2EAACD7C0010D6F7 /* CryptoCurrencyType.swift */ = {isa = PBXFileReference; lastKnownFileType = sourcecode.swift; path = CryptoCurrencyType.swift; sourceTree = "<group>"; };
		3B77C7AC2EAACD7C0010D6F7 /* GlobalData.swift */ = {isa = PBXFileReference; lastKnownFileType = sourcecode.swift; path = GlobalData.swift; sourceTree = "<group>"; };
		3B77C7AE2EAACD7C0010D6F7 /* RealmData.swift */ = {isa = PBXFileReference; lastKnownFileType = sourcecode.swift; path = RealmData.swift; sourceTree = "<group>"; };
		3B77C7B02EAACD7C0010D6F7 /* CustomPopoverView.swift */ = {isa = PBXFileReference; lastKnownFileType = sourcecode.swift; path = CustomPopoverView.swift; sourceTree = "<group>"; };
		3B77C7B22EAACD7C0010D6F7 /* SettingsViewController.swift */ = {isa = PBXFileReference; lastKnownFileType = sourcecode.swift; path = SettingsViewController.swift; sourceTree = "<group>"; };
		3B77C7B42EAACD7C0010D6F7 /* MainViewController.swift */ = {isa = PBXFileReference; lastKnownFileType = sourcecode.swift; path = MainViewController.swift; sourceTree = "<group>"; };
		3B77C7B62EAACD7C0010D6F7 /* AppDelegate.swift */ = {isa = PBXFileReference; lastKnownFileType = sourcecode.swift; path = AppDelegate.swift; sourceTree = "<group>"; };
		3B77C7B72EAACD7C0010D6F7 /* Assets.xcassets */ = {isa = PBXFileReference; lastKnownFileType = folder.assetcatalog; path = Assets.xcassets; sourceTree = "<group>"; };
		3B77C7B82EAACD7C0010D6F7 /* Info.plist */ = {isa = PBXFileReference; lastKnownFileType = text.plist.xml; path = Info.plist; sourceTree = "<group>"; };
		3B77C7B92EAACD7C0010D6F7 /* Base */ = {isa = PBXFileReference; lastKnownFileType = file.storyboard; name = Base; path = Base.lproj/LaunchScreen.storyboard; sourceTree = "<group>"; };
		3B77C7BB2EAACD7C0010D6F7 /* Main.storyboard */ = {isa = PBXFileReference; lastKnownFileType = file.storyboard; path = Main.storyboard; sourceTree = "<group>"; };
		3B77C7BC2EAACD7C0010D6F7 /* SceneDelegate.swift */ = {isa = PBXFileReference; lastKnownFileType = sourcecode.swift; path = SceneDelegate.swift; sourceTree = "<group>"; };
		3B9297E02EC6264600765AA8 /* CryptoTrackIcon.icon */ = {isa = PBXFileReference; lastKnownFileType = folder.iconcomposer.icon; path = CryptoTrackIcon.icon; sourceTree = "<group>"; };
		3BFAEB732EC856A90039E548 /* UIAlertController.swift */ = {isa = PBXFileReference; lastKnownFileType = sourcecode.swift; path = UIAlertController.swift; sourceTree = "<group>"; };
		69912B982F6175EC00375102 /* NetworkManager.swift */ = {isa = PBXFileReference; lastKnownFileType = sourcecode.swift; path = NetworkManager.swift; sourceTree = "<group>"; };
		69912B9A2F6175F600375102 /* ChartsViewController.swift */ = {isa = PBXFileReference; lastKnownFileType = sourcecode.swift; path = ChartsViewController.swift; sourceTree = "<group>"; };
		69912B9C2F61760100375102 /* DetailScreenViewController.swift */ = {isa = PBXFileReference; lastKnownFileType = sourcecode.swift; path = DetailScreenViewController.swift; sourceTree = "<group>"; };
		69912B9E2F61760D00375102 /* TextViewController.swift */ = {isa = PBXFileReference; lastKnownFileType = sourcecode.swift; path = TextViewController.swift; sourceTree = "<group>"; };
/* End PBXFileReference section */

/* Begin PBXFrameworksBuildPhase section */
		3B3DEAB52DACFF5F00EFAB29 /* Frameworks */ = {
			isa = PBXFrameworksBuildPhase;
			buildActionMask = 2147483647;
			files = (
				3B3DEABC2DACFF5F00EFAB29 /* SwiftUI.framework in Frameworks */,
				3B3DEABA2DACFF5F00EFAB29 /* WidgetKit.framework in Frameworks */,
			);
			runOnlyForDeploymentPostprocessing = 0;
		};
		3B4D53C82C5CD92400A3097D /* Frameworks */ = {
			isa = PBXFrameworksBuildPhase;
			buildActionMask = 2147483647;
			files = (
				6952618E2F61975A0074F502 /* RealmSwift in Frameworks */,
				6952617F2F6196BD0074F502 /* DGCharts in Frameworks */,
				6952617D2F6196B70074F502 /* Alamofire in Frameworks */,
			);
			runOnlyForDeploymentPostprocessing = 0;
		};
/* End PBXFrameworksBuildPhase section */

/* Begin PBXGroup section */
		3B4D53C22C5CD92400A3097D = {
			isa = PBXGroup;
			children = (
				3B77C7BD2EAACD7C0010D6F7 /* CryptoTrack */,
				3B54FF4D2EAAD0A80040A02D /* CryptoWidget */,
				3B4D53CC2C5CD92400A3097D /* Products */,
				D65DC84BD85AA00BB8C9C950 /* Frameworks */,
			);
			sourceTree = "<group>";
		};
		3B4D53CC2C5CD92400A3097D /* Products */ = {
			isa = PBXGroup;
			children = (
				3B4D53CB2C5CD92400A3097D /* CryptoTrack.app */,
				3B3DEAB82DACFF5F00EFAB29 /* CryptoWidgetExtension.appex */,
			);
			name = Products;
			sourceTree = "<group>";
		};
		3B54FF4D2EAAD0A80040A02D /* CryptoWidget */ = {
			isa = PBXGroup;
			children = (
				3B54FF472EAAD0A80040A02D /* AppIntent.swift */,
				3B54FF482EAAD0A80040A02D /* Assets.xcassets */,
				3B54FF492EAAD0A80040A02D /* CryptoWidget.swift */,
				3B54FF4A2EAAD0A80040A02D /* CryptoWidgetBundle.swift */,
				3B54FF4B2EAAD0A80040A02D /* CryptoWidgetLiveActivity.swift */,
				3B54FF4C2EAAD0A80040A02D /* Info.plist */,
			);
			path = CryptoWidget;
			sourceTree = "<group>";
		};
		3B77C7A02EAACD7C0010D6F7 /* ChartsViewController */ = {
			isa = PBXGroup;
			children = (
				69912B9A2F6175F600375102 /* ChartsViewController.swift */,
				3B77C79E2EAACD7C0010D6F7 /* ChartCollectionViewCell.swift */,
			);
			path = ChartsViewController;
			sourceTree = "<group>";
		};
		3B77C7A62EAACD7C0010D6F7 /* DetailScreen */ = {
			isa = PBXGroup;
			children = (
				69912B9C2F61760100375102 /* DetailScreenViewController.swift */,
				3B77C7A32EAACD7C0010D6F7 /* CustomXAxisFormatter.swift */,
				3B77C7A42EAACD7C0010D6F7 /* DateManager.swift */,
			);
			path = DetailScreen;
			sourceTree = "<group>";
		};
		3B77C7AA2EAACD7C0010D6F7 /* InfoViewController */ = {
			isa = PBXGroup;
			children = (
				3B77C7A82EAACD7C0010D6F7 /* InfoViewController.swift */,
				3B77C7A72EAACD7C0010D6F7 /* InfoTableViewCell.swift */,
				69912B9E2F61760D00375102 /* TextViewController.swift */,
			);
			path = InfoViewController;
			sourceTree = "<group>";
		};
		3B77C7AF2EAACD7C0010D6F7 /* Network & DataSource */ = {
			isa = PBXGroup;
			children = (
				69912B982F6175EC00375102 /* NetworkManager.swift */,
				3B77C7AB2EAACD7C0010D6F7 /* CryptoCurrencyType.swift */,
				3B77C7AC2EAACD7C0010D6F7 /* GlobalData.swift */,
				3B77C7AE2EAACD7C0010D6F7 /* RealmData.swift */,
			);
			path = "Network & DataSource";
			sourceTree = "<group>";
		};
		3B77C7B12EAACD7C0010D6F7 /* PopoverView */ = {
			isa = PBXGroup;
			children = (
				3B77C7B02EAACD7C0010D6F7 /* CustomPopoverView.swift */,
			);
			path = PopoverView;
			sourceTree = "<group>";
		};
		3B77C7B32EAACD7C0010D6F7 /* Settings */ = {
			isa = PBXGroup;
			children = (
				3B77C7B22EAACD7C0010D6F7 /* SettingsViewController.swift */,
			);
			path = Settings;
			sourceTree = "<group>";
		};
		3B77C7B52EAACD7C0010D6F7 /* TestScreen */ = {
			isa = PBXGroup;
			children = (
				3B77C7B42EAACD7C0010D6F7 /* MainViewController.swift */,
			);
			path = TestScreen;
			sourceTree = "<group>";
		};
		3B77C7BD2EAACD7C0010D6F7 /* CryptoTrack */ = {
			isa = PBXGroup;
			children = (
				3B77C7AF2EAACD7C0010D6F7 /* Network & DataSource */,
				3B77C7A02EAACD7C0010D6F7 /* ChartsViewController */,
				3B77C7A62EAACD7C0010D6F7 /* DetailScreen */,
				3BF911282EB4DD2C00DEA0A5 /* ChangeCurrencyViewController */,
				3B77C7AA2EAACD7C0010D6F7 /* InfoViewController */,
				3B77C7B12EAACD7C0010D6F7 /* PopoverView */,
				3B77C7B32EAACD7C0010D6F7 /* Settings */,
				3BF9112C2EB4DD5400DEA0A5 /* AlertController */,
				3B77C7B52EAACD7C0010D6F7 /* TestScreen */,
				3B77C7B62EAACD7C0010D6F7 /* AppDelegate.swift */,
				3B77C7B72EAACD7C0010D6F7 /* Assets.xcassets */,
				3B77C7B82EAACD7C0010D6F7 /* Info.plist */,
				3B9297E02EC6264600765AA8 /* CryptoTrackIcon.icon */,
				3B77C7BA2EAACD7C0010D6F7 /* LaunchScreen.storyboard */,
				3B77C7BB2EAACD7C0010D6F7 /* Main.storyboard */,
				3B77C7BC2EAACD7C0010D6F7 /* SceneDelegate.swift */,
			);
			path = CryptoTrack;
			sourceTree = "<group>";
		};
		3BF911282EB4DD2C00DEA0A5 /* ChangeCurrencyViewController */ = {
			isa = PBXGroup;
			children = (
				3B77C7A22EAACD7C0010D6F7 /* ChangeCurrencyViewController.swift */,
				3B77C7A12EAACD7C0010D6F7 /* ChangeCurrencyTableViewCell.swift */,
			);
			path = ChangeCurrencyViewController;
			sourceTree = "<group>";
		};
		3BF9112C2EB4DD5400DEA0A5 /* AlertController */ = {
			isa = PBXGroup;
			children = (
				3BFAEB732EC856A90039E548 /* UIAlertController.swift */,
			);
			path = AlertController;
			sourceTree = "<group>";
		};
		D65DC84BD85AA00BB8C9C950 /* Frameworks */ = {
			isa = PBXGroup;
			children = (
				3B3DEAB92DACFF5F00EFAB29 /* WidgetKit.framework */,
				3B3DEABB2DACFF5F00EFAB29 /* SwiftUI.framework */,
			);
			name = Frameworks;
			sourceTree = "<group>";
		};
/* End PBXGroup section */

/* Begin PBXNativeTarget section */
		3B3DEAB72DACFF5F00EFAB29 /* CryptoWidgetExtension */ = {
			isa = PBXNativeTarget;
			buildConfigurationList = 3B3DEACD2DACFF6200EFAB29 /* Build configuration list for PBXNativeTarget "CryptoWidgetExtension" */;
			buildPhases = (
				3B3DEAB42DACFF5F00EFAB29 /* Sources */,
				3B3DEAB52DACFF5F00EFAB29 /* Frameworks */,
				3B3DEAB62DACFF5F00EFAB29 /* Resources */,
			);
			buildRules = (
			);
			dependencies = (
			);
			name = CryptoWidgetExtension;
			productName = CryptoWidgetExtension;
			productReference = 3B3DEAB82DACFF5F00EFAB29 /* CryptoWidgetExtension.appex */;
			productType = "com.apple.product-type.app-extension";
		};
		3B4D53CA2C5CD92400A3097D /* CryptoTrack */ = {
			isa = PBXNativeTarget;
			buildConfigurationList = 3B4D53DF2C5CD92600A3097D /* Build configuration list for PBXNativeTarget "CryptoTrack" */;
			buildPhases = (
				3B4D53C72C5CD92400A3097D /* Sources */,
				3B4D53C82C5CD92400A3097D /* Frameworks */,
				3B4D53C92C5CD92400A3097D /* Resources */,
				3B3DEAD02DACFF6200EFAB29 /* Embed Foundation Extensions */,
				695261832F6196C30074F502 /* Embed Frameworks */,
			);
			buildRules = (
			);
			dependencies = (
				3B3DEACA2DACFF6200EFAB29 /* PBXTargetDependency */,
			);
			name = CryptoTrack;
			productName = "Money Manager";
			productReference = 3B4D53CB2C5CD92400A3097D /* CryptoTrack.app */;
			productType = "com.apple.product-type.application";
		};
/* End PBXNativeTarget section */

/* Begin PBXProject section */
		3B4D53C32C5CD92400A3097D /* Project object */ = {
			isa = PBXProject;
			attributes = {
				BuildIndependentTargetsInParallel = 1;
				LastSwiftUpdateCheck = 1630;
				LastUpgradeCheck = 1540;
				TargetAttributes = {
					3B3DEAB72DACFF5F00EFAB29 = {
						CreatedOnToolsVersion = 16.3;
					};
					3B4D53CA2C5CD92400A3097D = {
						CreatedOnToolsVersion = 15.4;
					};
				};
			};
			buildConfigurationList = 3B4D53C62C5CD92400A3097D /* Build configuration list for PBXProject "CryptoTrack" */;
			compatibilityVersion = "Xcode 14.0";
			developmentRegion = en;
			hasScannedForEncodings = 0;
			knownRegions = (
				en,
				Base,
			);
			mainGroup = 3B4D53C22C5CD92400A3097D;
			packageReferences = (
				695261792F61868F0074F502 /* XCRemoteSwiftPackageReference "Alamofire" */,
				6952617A2F618CAE0074F502 /* XCRemoteSwiftPackageReference "Charts" */,
				6952617B2F6195490074F502 /* XCRemoteSwiftPackageReference "realm-swift" */,
			);
			productRefGroup = 3B4D53CC2C5CD92400A3097D /* Products */;
			projectDirPath = "";
			projectRoot = "";
			targets = (
				3B4D53CA2C5CD92400A3097D /* CryptoTrack */,
				3B3DEAB72DACFF5F00EFAB29 /* CryptoWidgetExtension */,
			);
		};
/* End PBXProject section */

/* Begin PBXResourcesBuildPhase section */
		3B3DEAB62DACFF5F00EFAB29 /* Resources */ = {
			isa = PBXResourcesBuildPhase;
			buildActionMask = 2147483647;
			files = (
				3B54FF522EAAD0A80040A02D /* Assets.xcassets in Resources */,
			);
			runOnlyForDeploymentPostprocessing = 0;
		};
		3B4D53C92C5CD92400A3097D /* Resources */ = {
			isa = PBXResourcesBuildPhase;
			buildActionMask = 2147483647;
			files = (
				3B77C7D42EAACD7C0010D6F7 /* Assets.xcassets in Resources */,
				3B77C7D82EAACD7C0010D6F7 /* Base in Resources */,
				3B9297E12EC6264600765AA8 /* CryptoTrackIcon.icon in Resources */,
				3B77C7D72EAACD7C0010D6F7 /* Main.storyboard in Resources */,
			);
			runOnlyForDeploymentPostprocessing = 0;
		};
/* End PBXResourcesBuildPhase section */

/* Begin PBXSourcesBuildPhase section */
		3B3DEAB42DACFF5F00EFAB29 /* Sources */ = {
			isa = PBXSourcesBuildPhase;
			buildActionMask = 2147483647;
			files = (
				3B54FF4E2EAAD0A80040A02D /* AppIntent.swift in Sources */,
				3B54FF4F2EAAD0A80040A02D /* CryptoWidget.swift in Sources */,
				3B54FF502EAAD0A80040A02D /* CryptoWidgetBundle.swift in Sources */,
				3B54FF512EAAD0A80040A02D /* CryptoWidgetLiveActivity.swift in Sources */,
			);
			runOnlyForDeploymentPostprocessing = 0;
		};
		3B4D53C72C5CD92400A3097D /* Sources */ = {
			isa = PBXSourcesBuildPhase;
			buildActionMask = 2147483647;
			files = (
				3B77C7C12EAACD7C0010D6F7 /* ChartCollectionViewCell.swift in Sources */,
				3B77C7C32EAACD7C0010D6F7 /* ChangeCurrencyTableViewCell.swift in Sources */,
				3B77C7C42EAACD7C0010D6F7 /* ChangeCurrencyViewController.swift in Sources */,
				69912B9B2F6175F600375102 /* ChartsViewController.swift in Sources */,
				3B77C7C52EAACD7C0010D6F7 /* CustomXAxisFormatter.swift in Sources */,
				3B77C7C62EAACD7C0010D6F7 /* DateManager.swift in Sources */,
				3BFAEB742EC856B10039E548 /* UIAlertController.swift in Sources */,
				3B77C7C82EAACD7C0010D6F7 /* InfoTableViewCell.swift in Sources */,
				3B77C7C92EAACD7C0010D6F7 /* InfoViewController.swift in Sources */,
				3B77C7CB2EAACD7C0010D6F7 /* CryptoCurrencyType.swift in Sources */,
				3B77C7CC2EAACD7C0010D6F7 /* GlobalData.swift in Sources */,
				69912B992F6175EC00375102 /* NetworkManager.swift in Sources */,
				3B77C7CE2EAACD7C0010D6F7 /* RealmData.swift in Sources */,
				3B77C7CF2EAACD7C0010D6F7 /* CustomPopoverView.swift in Sources */,
				69912B9D2F61760100375102 /* DetailScreenViewController.swift in Sources */,
				69912B9F2F61760D00375102 /* TextViewController.swift in Sources */,
				3B77C7D02EAACD7C0010D6F7 /* SettingsViewController.swift in Sources */,
				3B77C7D12EAACD7C0010D6F7 /* MainViewController.swift in Sources */,
				3B77C7D22EAACD7C0010D6F7 /* AppDelegate.swift in Sources */,
				3B77C7D32EAACD7C0010D6F7 /* SceneDelegate.swift in Sources */,
			);
			runOnlyForDeploymentPostprocessing = 0;
		};
/* End PBXSourcesBuildPhase section */

/* Begin PBXTargetDependency section */
		3B3DEACA2DACFF6200EFAB29 /* PBXTargetDependency */ = {
			isa = PBXTargetDependency;
			target = 3B3DEAB72DACFF5F00EFAB29 /* CryptoWidgetExtension */;
			targetProxy = 3B3DEAC92DACFF6200EFAB29 /* PBXContainerItemProxy */;
		};
/* End PBXTargetDependency section */

/* Begin PBXVariantGroup section */
		3B77C7BA2EAACD7C0010D6F7 /* LaunchScreen.storyboard */ = {
			isa = PBXVariantGroup;
			children = (
				3B77C7B92EAACD7C0010D6F7 /* Base */,
			);
			name = LaunchScreen.storyboard;
			sourceTree = "<group>";
		};
/* End PBXVariantGroup section */

/* Begin XCBuildConfiguration section */
		3B3DEACE2DACFF6200EFAB29 /* Debug */ = {
			isa = XCBuildConfiguration;
			buildSettings = {
				ASSETCATALOG_COMPILER_GLOBAL_ACCENT_COLOR_NAME = AccentColor;
				ASSETCATALOG_COMPILER_WIDGET_BACKGROUND_COLOR_NAME = WidgetBackground;
				CODE_SIGN_STYLE = Automatic;
				CURRENT_PROJECT_VERSION = 1;
				DEVELOPMENT_TEAM = 5J3R85UNX5;
				ENABLE_USER_SCRIPT_SANDBOXING = YES;
				GENERATE_INFOPLIST_FILE = YES;
				INFOPLIST_FILE = CryptoWidget/Info.plist;
				INFOPLIST_KEY_CFBundleDisplayName = CryptoWidget;
				INFOPLIST_KEY_NSHumanReadableCopyright = "";
				IPHONEOS_DEPLOYMENT_TARGET = 18.4;
				LD_RUNPATH_SEARCH_PATHS = (
					"$(inherited)",
					"@executable_path/Frameworks",
					"@executable_path/../../Frameworks",
				);
				MARKETING_VERSION = 1.0;
				PRODUCT_BUNDLE_IDENTIFIER = "Kim.Money-Manager.CryptoWidget";
				PRODUCT_NAME = "$(TARGET_NAME)";
				SKIP_INSTALL = YES;
				SWIFT_EMIT_LOC_STRINGS = YES;
				SWIFT_VERSION = 5.0;
				TARGETED_DEVICE_FAMILY = "1,2";
			};
			name = Debug;
		};
		3B3DEACF2DACFF6200EFAB29 /* Release */ = {
			isa = XCBuildConfiguration;
			buildSettings = {
				ASSETCATALOG_COMPILER_GLOBAL_ACCENT_COLOR_NAME = AccentColor;
				ASSETCATALOG_COMPILER_WIDGET_BACKGROUND_COLOR_NAME = WidgetBackground;
				CODE_SIGN_STYLE = Automatic;
				CURRENT_PROJECT_VERSION = 1;
				DEVELOPMENT_TEAM = 5J3R85UNX5;
				ENABLE_USER_SCRIPT_SANDBOXING = YES;
				GENERATE_INFOPLIST_FILE = YES;
				INFOPLIST_FILE = CryptoWidget/Info.plist;
				INFOPLIST_KEY_CFBundleDisplayName = CryptoWidget;
				INFOPLIST_KEY_NSHumanReadableCopyright = "";
				IPHONEOS_DEPLOYMENT_TARGET = 18.4;
				LD_RUNPATH_SEARCH_PATHS = (
					"$(inherited)",
					"@executable_path/Frameworks",
					"@executable_path/../../Frameworks",
				);
				MARKETING_VERSION = 1.0;
				PRODUCT_BUNDLE_IDENTIFIER = "Kim.Money-Manager.CryptoWidget";
				PRODUCT_NAME = "$(TARGET_NAME)";
				SKIP_INSTALL = YES;
				SWIFT_EMIT_LOC_STRINGS = YES;
				SWIFT_VERSION = 5.0;
				TARGETED_DEVICE_FAMILY = "1,2";
			};
			name = Release;
		};
		3B4D53DD2C5CD92600A3097D /* Debug */ = {
			isa = XCBuildConfiguration;
			buildSettings = {
				ALWAYS_SEARCH_USER_PATHS = NO;
				ASSETCATALOG_COMPILER_GENERATE_SWIFT_ASSET_SYMBOL_EXTENSIONS = YES;
				CLANG_ANALYZER_NONNULL = YES;
				CLANG_ANALYZER_NUMBER_OBJECT_CONVERSION = YES_AGGRESSIVE;
				CLANG_CXX_LANGUAGE_STANDARD = "gnu++20";
				CLANG_ENABLE_MODULES = YES;
				CLANG_ENABLE_OBJC_ARC = YES;
				CLANG_ENABLE_OBJC_WEAK = YES;
				CLANG_WARN_BLOCK_CAPTURE_AUTORELEASING = YES;
				CLANG_WARN_BOOL_CONVERSION = YES;
				CLANG_WARN_COMMA = YES;
				CLANG_WARN_CONSTANT_CONVERSION = YES;
				CLANG_WARN_DEPRECATED_OBJC_IMPLEMENTATIONS = YES;
				CLANG_WARN_DIRECT_OBJC_ISA_USAGE = YES_ERROR;
				CLANG_WARN_DOCUMENTATION_COMMENTS = YES;
				CLANG_WARN_EMPTY_BODY = YES;
				CLANG_WARN_ENUM_CONVERSION = YES;
				CLANG_WARN_INFINITE_RECURSION = YES;
				CLANG_WARN_INT_CONVERSION = YES;
				CLANG_WARN_NON_LITERAL_NULL_CONVERSION = YES;
				CLANG_WARN_OBJC_IMPLICIT_RETAIN_SELF = YES;
				CLANG_WARN_OBJC_LITERAL_CONVERSION = YES;
				CLANG_WARN_OBJC_ROOT_CLASS = YES_ERROR;
				CLANG_WARN_QUOTED_INCLUDE_IN_FRAMEWORK_HEADER = YES;
				CLANG_WARN_RANGE_LOOP_ANALYSIS = YES;
				CLANG_WARN_STRICT_PROTOTYPES = YES;
				CLANG_WARN_SUSPICIOUS_MOVE = YES;
				CLANG_WARN_UNGUARDED_AVAILABILITY = YES_AGGRESSIVE;
				CLANG_WARN_UNREACHABLE_CODE = YES;
				CLANG_WARN__DUPLICATE_METHOD_MATCH = YES;
				COPY_PHASE_STRIP = NO;
				DEBUG_INFORMATION_FORMAT = dwarf;
				ENABLE_STRICT_OBJC_MSGSEND = YES;
				ENABLE_TESTABILITY = YES;
				ENABLE_USER_SCRIPT_SANDBOXING = NO;
				GCC_C_LANGUAGE_STANDARD = gnu17;
				GCC_DYNAMIC_NO_PIC = NO;
				GCC_NO_COMMON_BLOCKS = YES;
				GCC_OPTIMIZATION_LEVEL = 0;
				GCC_PREPROCESSOR_DEFINITIONS = (
					"DEBUG=1",
					"$(inherited)",
				);
				GCC_WARN_64_TO_32_BIT_CONVERSION = YES;
				GCC_WARN_ABOUT_RETURN_TYPE = YES_ERROR;
				GCC_WARN_UNDECLARED_SELECTOR = YES;
				GCC_WARN_UNINITIALIZED_AUTOS = YES_AGGRESSIVE;
				GCC_WARN_UNUSED_FUNCTION = YES;
				GCC_WARN_UNUSED_VARIABLE = YES;
				IPHONEOS_DEPLOYMENT_TARGET = 17.6;
				LOCALIZATION_PREFERS_STRING_CATALOGS = YES;
				MTL_ENABLE_DEBUG_INFO = INCLUDE_SOURCE;
				MTL_FAST_MATH = YES;
				ONLY_ACTIVE_ARCH = YES;
				SDKROOT = iphoneos;
				SWIFT_ACTIVE_COMPILATION_CONDITIONS = "DEBUG $(inherited)";
				SWIFT_OPTIMIZATION_LEVEL = "-Onone";
			};
			name = Debug;
		};
		3B4D53DE2C5CD92600A3097D /* Release */ = {
			isa = XCBuildConfiguration;
			buildSettings = {
				ALWAYS_SEARCH_USER_PATHS = NO;
				ASSETCATALOG_COMPILER_GENERATE_SWIFT_ASSET_SYMBOL_EXTENSIONS = YES;
				CLANG_ANALYZER_NONNULL = YES;
				CLANG_ANALYZER_NUMBER_OBJECT_CONVERSION = YES_AGGRESSIVE;
				CLANG_CXX_LANGUAGE_STANDARD = "gnu++20";
				CLANG_ENABLE_MODULES = YES;
				CLANG_ENABLE_OBJC_ARC = YES;
				CLANG_ENABLE_OBJC_WEAK = YES;
				CLANG_WARN_BLOCK_CAPTURE_AUTORELEASING = YES;
				CLANG_WARN_BOOL_CONVERSION = YES;
				CLANG_WARN_COMMA = YES;
				CLANG_WARN_CONSTANT_CONVERSION = YES;
				CLANG_WARN_DEPRECATED_OBJC_IMPLEMENTATIONS = YES;
				CLANG_WARN_DIRECT_OBJC_ISA_USAGE = YES_ERROR;
				CLANG_WARN_DOCUMENTATION_COMMENTS = YES;
				CLANG_WARN_EMPTY_BODY = YES;
				CLANG_WARN_ENUM_CONVERSION = YES;
				CLANG_WARN_INFINITE_RECURSION = YES;
				CLANG_WARN_INT_CONVERSION = YES;
				CLANG_WARN_NON_LITERAL_NULL_CONVERSION = YES;
				CLANG_WARN_OBJC_IMPLICIT_RETAIN_SELF = YES;
				CLANG_WARN_OBJC_LITERAL_CONVERSION = YES;
				CLANG_WARN_OBJC_ROOT_CLASS = YES_ERROR;
				CLANG_WARN_QUOTED_INCLUDE_IN_FRAMEWORK_HEADER = YES;
				CLANG_WARN_RANGE_LOOP_ANALYSIS = YES;
				CLANG_WARN_STRICT_PROTOTYPES = YES;
				CLANG_WARN_SUSPICIOUS_MOVE = YES;
				CLANG_WARN_UNGUARDED_AVAILABILITY = YES_AGGRESSIVE;
				CLANG_WARN_UNREACHABLE_CODE = YES;
				CLANG_WARN__DUPLICATE_METHOD_MATCH = YES;
				COPY_PHASE_STRIP = NO;
				DEBUG_INFORMATION_FORMAT = "dwarf-with-dsym";
				ENABLE_NS_ASSERTIONS = NO;
				ENABLE_STRICT_OBJC_MSGSEND = YES;
				ENABLE_USER_SCRIPT_SANDBOXING = NO;
				GCC_C_LANGUAGE_STANDARD = gnu17;
				GCC_NO_COMMON_BLOCKS = YES;
				GCC_WARN_64_TO_32_BIT_CONVERSION = YES;
				GCC_WARN_ABOUT_RETURN_TYPE = YES_ERROR;
				GCC_WARN_UNDECLARED_SELECTOR = YES;
				GCC_WARN_UNINITIALIZED_AUTOS = YES_AGGRESSIVE;
				GCC_WARN_UNUSED_FUNCTION = YES;
				GCC_WARN_UNUSED_VARIABLE = YES;
				IPHONEOS_DEPLOYMENT_TARGET = 17.6;
				LOCALIZATION_PREFERS_STRING_CATALOGS = YES;
				MTL_ENABLE_DEBUG_INFO = NO;
				MTL_FAST_MATH = YES;
				SDKROOT = iphoneos;
				SWIFT_COMPILATION_MODE = wholemodule;
				VALIDATE_PRODUCT = YES;
			};
			name = Release;
		};
		3B4D53E02C5CD92600A3097D /* Debug */ = {
			isa = XCBuildConfiguration;
			buildSettings = {
				ASSETCATALOG_COMPILER_APPICON_NAME = CryptoTrackIcon;
				ASSETCATALOG_COMPILER_GLOBAL_ACCENT_COLOR_NAME = AccentColor;
				CODE_SIGN_STYLE = Automatic;
				CURRENT_PROJECT_VERSION = 1;
				DEVELOPMENT_TEAM = 5J3R85UNX5;
				GENERATE_INFOPLIST_FILE = YES;
				INFOPLIST_FILE = CryptoTrack/Info.plist;
				INFOPLIST_KEY_UIApplicationSupportsIndirectInputEvents = YES;
				INFOPLIST_KEY_UILaunchStoryboardName = LaunchScreen;
				INFOPLIST_KEY_UIMainStoryboardFile = Main;
				INFOPLIST_KEY_UISupportedInterfaceOrientations = "UIInterfaceOrientationPortrait UIInterfaceOrientationPortraitUpsideDown";
				INFOPLIST_KEY_UISupportedInterfaceOrientations_iPad = "UIInterfaceOrientationLandscapeLeft UIInterfaceOrientationLandscapeRight UIInterfaceOrientationPortrait UIInterfaceOrientationPortraitUpsideDown";
				LD_RUNPATH_SEARCH_PATHS = (
					"$(inherited)",
					"@executable_path/Frameworks",
				);
				MARKETING_VERSION = 1.0;
				PRODUCT_BUNDLE_IDENTIFIER = "Kim.Money-Manager";
				PRODUCT_NAME = "$(TARGET_NAME)";
				SWIFT_EMIT_LOC_STRINGS = YES;
				SWIFT_VERSION = 5.0;
				TARGETED_DEVICE_FAMILY = "1,2";
			};
			name = Debug;
		};
		3B4D53E12C5CD92600A3097D /* Release */ = {
			isa = XCBuildConfiguration;
			buildSettings = {
				ASSETCATALOG_COMPILER_APPICON_NAME = CryptoTrackIcon;
				ASSETCATALOG_COMPILER_GLOBAL_ACCENT_COLOR_NAME = AccentColor;
				CODE_SIGN_STYLE = Automatic;
				CURRENT_PROJECT_VERSION = 1;
				DEVELOPMENT_TEAM = 5J3R85UNX5;
				GENERATE_INFOPLIST_FILE = YES;
				INFOPLIST_FILE = CryptoTrack/Info.plist;
				INFOPLIST_KEY_UIApplicationSupportsIndirectInputEvents = YES;
				INFOPLIST_KEY_UILaunchStoryboardName = LaunchScreen;
				INFOPLIST_KEY_UIMainStoryboardFile = Main;
				INFOPLIST_KEY_UISupportedInterfaceOrientations = "UIInterfaceOrientationPortrait UIInterfaceOrientationPortraitUpsideDown";
				INFOPLIST_KEY_UISupportedInterfaceOrientations_iPad = "UIInterfaceOrientationLandscapeLeft UIInterfaceOrientationLandscapeRight UIInterfaceOrientationPortrait UIInterfaceOrientationPortraitUpsideDown";
				LD_RUNPATH_SEARCH_PATHS = (
					"$(inherited)",
					"@executable_path/Frameworks",
				);
				MARKETING_VERSION = 1.0;
				PRODUCT_BUNDLE_IDENTIFIER = "Kim.Money-Manager";
				PRODUCT_NAME = "$(TARGET_NAME)";
				SWIFT_EMIT_LOC_STRINGS = YES;
				SWIFT_VERSION = 5.0;
				TARGETED_DEVICE_FAMILY = "1,2";
			};
			name = Release;
		};
/* End XCBuildConfiguration section */

/* Begin XCConfigurationList section */
		3B3DEACD2DACFF6200EFAB29 /* Build configuration list for PBXNativeTarget "CryptoWidgetExtension" */ = {
			isa = XCConfigurationList;
			buildConfigurations = (
				3B3DEACE2DACFF6200EFAB29 /* Debug */,
				3B3DEACF2DACFF6200EFAB29 /* Release */,
			);
			defaultConfigurationIsVisible = 0;
			defaultConfigurationName = Release;
		};
		3B4D53C62C5CD92400A3097D /* Build configuration list for PBXProject "CryptoTrack" */ = {
			isa = XCConfigurationList;
			buildConfigurations = (
				3B4D53DD2C5CD92600A3097D /* Debug */,
				3B4D53DE2C5CD92600A3097D /* Release */,
			);
			defaultConfigurationIsVisible = 0;
			defaultConfigurationName = Release;
		};
		3B4D53DF2C5CD92600A3097D /* Build configuration list for PBXNativeTarget "CryptoTrack" */ = {
			isa = XCConfigurationList;
			buildConfigurations = (
				3B4D53E02C5CD92600A3097D /* Debug */,
				3B4D53E12C5CD92600A3097D /* Release */,
			);
			defaultConfigurationIsVisible = 0;
			defaultConfigurationName = Release;
		};
/* End XCConfigurationList section */

/* Begin XCRemoteSwiftPackageReference section */
		695261792F61868F0074F502 /* XCRemoteSwiftPackageReference "Alamofire" */ = {
			isa = XCRemoteSwiftPackageReference;
			repositoryURL = "https://github.com/Alamofire/Alamofire";
			requirement = {
				kind = upToNextMajorVersion;
				minimumVersion = 5.11.1;
			};
		};
		6952617A2F618CAE0074F502 /* XCRemoteSwiftPackageReference "Charts" */ = {
			isa = XCRemoteSwiftPackageReference;
			repositoryURL = "https://github.com/ChartsOrg/Charts";
			requirement = {
				kind = upToNextMajorVersion;
				minimumVersion = 5.1.0;
			};
		};
		6952617B2F6195490074F502 /* XCRemoteSwiftPackageReference "realm-swift" */ = {
			isa = XCRemoteSwiftPackageReference;
			repositoryURL = "https://github.com/realm/realm-swift";
			requirement = {
				branch = community;
				kind = branch;
			};
		};
/* End XCRemoteSwiftPackageReference section */

/* Begin XCSwiftPackageProductDependency section */
		6952617C2F6196B70074F502 /* Alamofire */ = {
			isa = XCSwiftPackageProductDependency;
			package = 695261792F61868F0074F502 /* XCRemoteSwiftPackageReference "Alamofire" */;
			productName = Alamofire;
		};
		6952617E2F6196BD0074F502 /* DGCharts */ = {
			isa = XCSwiftPackageProductDependency;
			package = 6952617A2F618CAE0074F502 /* XCRemoteSwiftPackageReference "Charts" */;
			productName = DGCharts;
		};
		6952618D2F61975A0074F502 /* RealmSwift */ = {
			isa = XCSwiftPackageProductDependency;
			package = 6952617B2F6195490074F502 /* XCRemoteSwiftPackageReference "realm-swift" */;
			productName = RealmSwift;
		};
/* End XCSwiftPackageProductDependency section */
	};
	rootObject = 3B4D53C32C5CD92400A3097D /* Project object */;
}
